
Microsoft Visual Studio Solution File, Format Version 12.00
# Visual Studio Version 17
VisualStudioVersion = 17.14.36310.24 d17.14
MinimumVisualStudioVersion = 10.0.40219.1
Project("{FAE04EC0-301F-11D3-BF4B-00C04F79EFBC}") = "Ejercicio 12", "Ejercicio 12\Ejercicio 12.csproj", "{AF60011D-498E-4D74-9884-5108015D70B2}"
EndProject
Global
	GlobalSection(SolutionConfigurationPlatforms) = preSolution
		Debug|Any CPU = Debug|Any CPU
		Release|Any CPU = Release|Any CPU
	EndGlobalSection
	GlobalSection(ProjectConfigurationPlatforms) = postSolution
		{AF60011D-498E-4D74-9884-5108015D70B2}.Debug|Any CPU.ActiveCfg = Debug|Any CPU
		{AF60011D-498E-4D74-9884-5108015D70B2}.Debug|Any CPU.Build.0 = Debug|Any CPU
		{AF60011D-498E-4D74-9884-5108015D70B2}.Release|Any CPU.ActiveCfg = Release|Any CPU
		{AF60011D-498E-4D74-9884-5108015D70B2}.Release|Any CPU.Build.0 = Release|Any CPU
	EndGlobalSection
	GlobalSection(SolutionProperties) = preSolution
		HideSolutionNode = FALSE
	EndGlobalSection
	GlobalSection(ExtensibilityGlobals) = postSolution
		SolutionGuid = {62E84AD9-D7D8-4E2A-AD40-193432595457}
	EndGlobalSection
EndGlobal
