
Microsoft Visual Studio Solution File, Format Version 12.00
# Visual Studio Version 17
VisualStudioVersion = 17.14.36310.24 d17.14
MinimumVisualStudioVersion = 10.0.40219.1
Project("{FAE04EC0-301F-11D3-BF4B-00C04F79EFBC}") = "Mini Proyecto 2", "Mini Proyecto 2\Mini Proyecto 2.csproj", "{C4923CC8-5671-420E-BB40-8897020BC341}"
EndProject
Global
	GlobalSection(SolutionConfigurationPlatforms) = preSolution
		Debug|Any CPU = Debug|Any CPU
		Release|Any CPU = Release|Any CPU
	EndGlobalSection
	GlobalSection(ProjectConfigurationPlatforms) = postSolution
		{C4923CC8-5671-420E-BB40-8897020BC341}.Debug|Any CPU.ActiveCfg = Debug|Any CPU
		{C4923CC8-5671-420E-BB40-8897020BC341}.Debug|Any CPU.Build.0 = Debug|Any CPU
		{C4923CC8-5671-420E-BB40-8897020BC341}.Release|Any CPU.ActiveCfg = Release|Any CPU
		{C4923CC8-5671-420E-BB40-8897020BC341}.Release|Any CPU.Build.0 = Release|Any CPU
	EndGlobalSection
	GlobalSection(SolutionProperties) = preSolution
		HideSolutionNode = FALSE
	EndGlobalSection
	GlobalSection(ExtensibilityGlobals) = postSolution
		SolutionGuid = {8BB90110-A955-4397-812B-BCE672608ED8}
	EndGlobalSection
EndGlobal
