
Microsoft Visual Studio Solution File, Format Version 12.00
# Visual Studio Version 17
VisualStudioVersion = 17.14.36310.24 d17.14
MinimumVisualStudioVersion = 10.0.40219.1
Project("{FAE04EC0-301F-11D3-BF4B-00C04F79EFBC}") = "POO", "POO\POO.csproj", "{DF9347A4-03C0-48E4-B0D1-770EF2608E6D}"
EndProject
Global
	GlobalSection(SolutionConfigurationPlatforms) = preSolution
		Debug|Any CPU = Debug|Any CPU
		Release|Any CPU = Release|Any CPU
	EndGlobalSection
	GlobalSection(ProjectConfigurationPlatforms) = postSolution
		{DF9347A4-03C0-48E4-B0D1-770EF2608E6D}.Debug|Any CPU.ActiveCfg = Debug|Any CPU
		{DF9347A4-03C0-48E4-B0D1-770EF2608E6D}.Debug|Any CPU.Build.0 = Debug|Any CPU
		{DF9347A4-03C0-48E4-B0D1-770EF2608E6D}.Release|Any CPU.ActiveCfg = Release|Any CPU
		{DF9347A4-03C0-48E4-B0D1-770EF2608E6D}.Release|Any CPU.Build.0 = Release|Any CPU
	EndGlobalSection
	GlobalSection(SolutionProperties) = preSolution
		HideSolutionNode = FALSE
	EndGlobalSection
	GlobalSection(ExtensibilityGlobals) = postSolution
		SolutionGuid = {8C0D0F14-D1A1-4C33-90D5-F2D167613E2E}
	EndGlobalSection
EndGlobal
